{
  "name": "jsonresume-theme-hr-md",
  "version": "0.0.2",
  "lockfileVersion": 2,
  "requires": true,
  "packages": {
    "": {
      "name": "jsonresume-theme-hr-md",
      "version": "0.0.2",
      "license": "MIT",
      "dependencies": {
        "html-to-md": "^0.8.5",
        "mustache": "^4.2.0"
      }
    },
    "node_modules/html-to-md": {
      "version": "0.8.5",
      "resolved": "https://registry.npmjs.org/html-to-md/-/html-to-md-0.8.5.tgz",
      "integrity": "sha512-2AtBBJRrZ8WvhB1eDgTjW2TwVy1lat9FJW+XvVX836gsKi6qlhwaVG2jQZjbJAFr81/UW+6ABJSz/QOpeqgmuQ=="
    },
    "node_modules/mustache": {
      "version": "4.2.0",
      "resolved": "https://registry.npmjs.org/mustache/-/mustache-4.2.0.tgz",
      "integrity": "sha512-71ippSywq5Yb7/tVYyGbkBggbU8H3u5Rz56fH60jGFgr8uHwxs+aSKeqmluIVzM0m0kB7xQjKS6qPfd0b2ZoqQ==",
      "bin": {
        "mustache": "bin/mustache"
      }
    }
  },
  "dependencies": {
    "html-to-md": {
      "version": "0.8.5",
      "resolved": "https://registry.npmjs.org/html-to-md/-/html-to-md-0.8.5.tgz",
      "integrity": "sha512-2AtBBJRrZ8WvhB1eDgTjW2TwVy1lat9FJW+XvVX836gsKi6qlhwaVG2jQZjbJAFr81/UW+6ABJSz/QOpeqgmuQ=="
    },
    "mustache": {
      "version": "4.2.0",
      "resolved": "https://registry.npmjs.org/mustache/-/mustache-4.2.0.tgz",
      "integrity": "sha512-71ippSywq5Yb7/tVYyGbkBggbU8H3u5Rz56fH60jGFgr8uHwxs+aSKeqmluIVzM0m0kB7xQjKS6qPfd0b2ZoqQ=="
    }
  }
}
